
Microsoft Visual Studio Solution File, Format Version 12.00
# Visual Studio Version 16
VisualStudioVersion = 16.0.30523.141
MinimumVisualStudioVersion = 10.0.40219.1
Project("{9A19103F-16F7-4668-BE54-9A1E7A4F7556}") = "NET03_03_1_BinarySearch", "NET03_03_1_BinarySearch\NET03_03_1_BinarySearch.csproj", "{3DA37D62-789C-4074-A7E2-14D8848699F8}"
EndProject
Project("{9A19103F-16F7-4668-BE54-9A1E7A4F7556}") = "NET03_03_1_BinarySearch_Tests", "NET03_03_1_BinarySearch_Tests\NET03_03_1_BinarySearch_Tests.csproj", "{0367816D-0D61-48FA-821F-2DA6FDE90A9E}"
EndProject
Project("{9A19103F-16F7-4668-BE54-9A1E7A4F7556}") = "NET03_03_2_WordFrequency", "NET03_03_2_WordFrequency\NET03_03_2_WordFrequency.csproj", "{36F5966B-494F-4903-A88F-5F6108425246}"
EndProject
Project("{9A19103F-16F7-4668-BE54-9A1E7A4F7556}") = "NET03_03_3_Fibonacci_iterator", "NET03_03_3_Fibonacci_iterator\NET03_03_3_Fibonacci_iterator.csproj", "{D3773B1B-85DA-4599-930C-69C77DBB68DA}"
EndProject
Project("{9A19103F-16F7-4668-BE54-9A1E7A4F7556}") = "NET03_03_4_Queue", "NET03_03_4_Queue\NET03_03_4_Queue.csproj", "{9CABB93D-454D-4246-BFC3-CFB8C9DC2830}"
EndProject
Project("{9A19103F-16F7-4668-BE54-9A1E7A4F7556}") = "NET03_03_5_Stack", "NET03_03_5_Stack\NET03_03_5_Stack.csproj", "{C2B8C853-4085-4C7C-A45A-B74D65BAD358}"
EndProject
Project("{9A19103F-16F7-4668-BE54-9A1E7A4F7556}") = "NET03_03_6_Set", "NET03_03_6_Set\NET03_03_6_Set.csproj", "{A5528330-C340-41FF-AE61-E6D1165A8684}"
EndProject
Project("{FAE04EC0-301F-11D3-BF4B-00C04F79EFBC}") = "NET03_03_7_BinarySearchTree", "NET03_03_7_BinarySearchTree\NET03_03_7_BinarySearchTree.csproj", "{50F7A6AF-AD18-43FA-9731-64BE1E2F3E2A}"
EndProject
Global
	GlobalSection(SolutionConfigurationPlatforms) = preSolution
		Debug|Any CPU = Debug|Any CPU
		Release|Any CPU = Release|Any CPU
	EndGlobalSection
	GlobalSection(ProjectConfigurationPlatforms) = postSolution
		{3DA37D62-789C-4074-A7E2-14D8848699F8}.Debug|Any CPU.ActiveCfg = Debug|Any CPU
		{3DA37D62-789C-4074-A7E2-14D8848699F8}.Debug|Any CPU.Build.0 = Debug|Any CPU
		{3DA37D62-789C-4074-A7E2-14D8848699F8}.Release|Any CPU.ActiveCfg = Release|Any CPU
		{3DA37D62-789C-4074-A7E2-14D8848699F8}.Release|Any CPU.Build.0 = Release|Any CPU
		{0367816D-0D61-48FA-821F-2DA6FDE90A9E}.Debug|Any CPU.ActiveCfg = Debug|Any CPU
		{0367816D-0D61-48FA-821F-2DA6FDE90A9E}.Debug|Any CPU.Build.0 = Debug|Any CPU
		{0367816D-0D61-48FA-821F-2DA6FDE90A9E}.Release|Any CPU.ActiveCfg = Release|Any CPU
		{0367816D-0D61-48FA-821F-2DA6FDE90A9E}.Release|Any CPU.Build.0 = Release|Any CPU
		{36F5966B-494F-4903-A88F-5F6108425246}.Debug|Any CPU.ActiveCfg = Debug|Any CPU
		{36F5966B-494F-4903-A88F-5F6108425246}.Debug|Any CPU.Build.0 = Debug|Any CPU
		{36F5966B-494F-4903-A88F-5F6108425246}.Release|Any CPU.ActiveCfg = Release|Any CPU
		{36F5966B-494F-4903-A88F-5F6108425246}.Release|Any CPU.Build.0 = Release|Any CPU
		{D3773B1B-85DA-4599-930C-69C77DBB68DA}.Debug|Any CPU.ActiveCfg = Debug|Any CPU
		{D3773B1B-85DA-4599-930C-69C77DBB68DA}.Debug|Any CPU.Build.0 = Debug|Any CPU
		{D3773B1B-85DA-4599-930C-69C77DBB68DA}.Release|Any CPU.ActiveCfg = Release|Any CPU
		{D3773B1B-85DA-4599-930C-69C77DBB68DA}.Release|Any CPU.Build.0 = Release|Any CPU
		{9CABB93D-454D-4246-BFC3-CFB8C9DC2830}.Debug|Any CPU.ActiveCfg = Debug|Any CPU
		{9CABB93D-454D-4246-BFC3-CFB8C9DC2830}.Debug|Any CPU.Build.0 = Debug|Any CPU
		{9CABB93D-454D-4246-BFC3-CFB8C9DC2830}.Release|Any CPU.ActiveCfg = Release|Any CPU
		{9CABB93D-454D-4246-BFC3-CFB8C9DC2830}.Release|Any CPU.Build.0 = Release|Any CPU
		{C2B8C853-4085-4C7C-A45A-B74D65BAD358}.Debug|Any CPU.ActiveCfg = Debug|Any CPU
		{C2B8C853-4085-4C7C-A45A-B74D65BAD358}.Debug|Any CPU.Build.0 = Debug|Any CPU
		{C2B8C853-4085-4C7C-A45A-B74D65BAD358}.Release|Any CPU.ActiveCfg = Release|Any CPU
		{C2B8C853-4085-4C7C-A45A-B74D65BAD358}.Release|Any CPU.Build.0 = Release|Any CPU
		{A5528330-C340-41FF-AE61-E6D1165A8684}.Debug|Any CPU.ActiveCfg = Debug|Any CPU
		{A5528330-C340-41FF-AE61-E6D1165A8684}.Debug|Any CPU.Build.0 = Debug|Any CPU
		{A5528330-C340-41FF-AE61-E6D1165A8684}.Release|Any CPU.ActiveCfg = Release|Any CPU
		{A5528330-C340-41FF-AE61-E6D1165A8684}.Release|Any CPU.Build.0 = Release|Any CPU
		{50F7A6AF-AD18-43FA-9731-64BE1E2F3E2A}.Debug|Any CPU.ActiveCfg = Debug|Any CPU
		{50F7A6AF-AD18-43FA-9731-64BE1E2F3E2A}.Debug|Any CPU.Build.0 = Debug|Any CPU
		{50F7A6AF-AD18-43FA-9731-64BE1E2F3E2A}.Release|Any CPU.ActiveCfg = Release|Any CPU
		{50F7A6AF-AD18-43FA-9731-64BE1E2F3E2A}.Release|Any CPU.Build.0 = Release|Any CPU
	EndGlobalSection
	GlobalSection(SolutionProperties) = preSolution
		HideSolutionNode = FALSE
	EndGlobalSection
	GlobalSection(ExtensibilityGlobals) = postSolution
		SolutionGuid = {1CA1F640-BED5-4842-9087-5F049A9FEA7D}
	EndGlobalSection
EndGlobal
