
Microsoft Visual Studio Solution File, Format Version 12.00
# Visual Studio Version 16
VisualStudioVersion = 16.0.30717.126
MinimumVisualStudioVersion = 10.0.40219.1
Project("{FAE04EC0-301F-11D3-BF4B-00C04F79EFBC}") = "NET03_06_StreamsAndIo", "NET03_06_StreamsAndIo\NET03_06_StreamsAndIo.csproj", "{D35096B2-593D-48CD-896C-F39BFD365123}"
EndProject
Global
	GlobalSection(SolutionConfigurationPlatforms) = preSolution
		Debug|Any CPU = Debug|Any CPU
		Release|Any CPU = Release|Any CPU
	EndGlobalSection
	GlobalSection(ProjectConfigurationPlatforms) = postSolution
		{D35096B2-593D-48CD-896C-F39BFD365123}.Debug|Any CPU.ActiveCfg = Debug|Any CPU
		{D35096B2-593D-48CD-896C-F39BFD365123}.Debug|Any CPU.Build.0 = Debug|Any CPU
		{D35096B2-593D-48CD-896C-F39BFD365123}.Release|Any CPU.ActiveCfg = Release|Any CPU
		{D35096B2-593D-48CD-896C-F39BFD365123}.Release|Any CPU.Build.0 = Release|Any CPU
	EndGlobalSection
	GlobalSection(SolutionProperties) = preSolution
		HideSolutionNode = FALSE
	EndGlobalSection
	GlobalSection(ExtensibilityGlobals) = postSolution
		SolutionGuid = {B5A4528B-A634-4210-AC72-8A4E4DBB5051}
	EndGlobalSection
EndGlobal
